
Microsoft Visual Studio Solution File, Format Version 12.00
# Visual Studio 15
VisualStudioVersion = 15.0.27428.2011
MinimumVisualStudioVersion = 10.0.40219.1
Project("{FAE04EC0-301F-11D3-BF4B-00C04F79EFBC}") = "MRRC", "MRRC\MRRC.csproj", "{4F09030C-0757-4D97-86DB-28D665BB0D85}"
EndProject
Project("{FAE04EC0-301F-11D3-BF4B-00C04F79EFBC}") = "MRRCManagement", "MRRCManagement\MRRCManagement.csproj", "{30467292-20E2-470B-8C2E-0C0C3D622E43}"
EndProject
Project("{FAE04EC0-301F-11D3-BF4B-00C04F79EFBC}") = "AppTester", "AppTester\AppTester.csproj", "{7A5D858F-C413-4F10-9D67-2225ADCBA39F}"
EndProject
Global
	GlobalSection(SolutionConfigurationPlatforms) = preSolution
		Debug|Any CPU = Debug|Any CPU
		Release|Any CPU = Release|Any CPU
	EndGlobalSection
	GlobalSection(ProjectConfigurationPlatforms) = postSolution
		{4F09030C-0757-4D97-86DB-28D665BB0D85}.Debug|Any CPU.ActiveCfg = Debug|Any CPU
		{4F09030C-0757-4D97-86DB-28D665BB0D85}.Debug|Any CPU.Build.0 = Debug|Any CPU
		{4F09030C-0757-4D97-86DB-28D665BB0D85}.Release|Any CPU.ActiveCfg = Release|Any CPU
		{4F09030C-0757-4D97-86DB-28D665BB0D85}.Release|Any CPU.Build.0 = Release|Any CPU
		{30467292-20E2-470B-8C2E-0C0C3D622E43}.Debug|Any CPU.ActiveCfg = Debug|Any CPU
		{30467292-20E2-470B-8C2E-0C0C3D622E43}.Debug|Any CPU.Build.0 = Debug|Any CPU
		{30467292-20E2-470B-8C2E-0C0C3D622E43}.Release|Any CPU.ActiveCfg = Release|Any CPU
		{30467292-20E2-470B-8C2E-0C0C3D622E43}.Release|Any CPU.Build.0 = Release|Any CPU
		{7A5D858F-C413-4F10-9D67-2225ADCBA39F}.Debug|Any CPU.ActiveCfg = Debug|Any CPU
		{7A5D858F-C413-4F10-9D67-2225ADCBA39F}.Debug|Any CPU.Build.0 = Debug|Any CPU
		{7A5D858F-C413-4F10-9D67-2225ADCBA39F}.Release|Any CPU.ActiveCfg = Release|Any CPU
		{7A5D858F-C413-4F10-9D67-2225ADCBA39F}.Release|Any CPU.Build.0 = Release|Any CPU
	EndGlobalSection
	GlobalSection(SolutionProperties) = preSolution
		HideSolutionNode = FALSE
	EndGlobalSection
	GlobalSection(ExtensibilityGlobals) = postSolution
		SolutionGuid = {DD57C3BD-D948-4DB9-8D61-E55E671720AF}
	EndGlobalSection
EndGlobal
